
Microsoft Visual Studio Solution File, Format Version 12.00
# Visual Studio Version 17
VisualStudioVersion = 17.1.32210.238
MinimumVisualStudioVersion = 10.0.40219.1
Project("{9A19103F-16F7-4668-BE54-9A1E7A4F7556}") = "UCS_Backend", "UCS_Backend\UCS_Backend.csproj", "{1260E189-C5F6-4C76-B057-FEAA89FB29F9}"
EndProject
Project("{FAE04EC0-301F-11D3-BF4B-00C04F79EFBC}") = "ClassroomAlgorithm", "ClassroomAlgorithm\ClassroomAlgorithm.csproj", "{6ACEB513-5D7D-443C-915C-446D38BCCA7C}"
EndProject
Global
	GlobalSection(SolutionConfigurationPlatforms) = preSolution
		Debug|Any CPU = Debug|Any CPU
		Release|Any CPU = Release|Any CPU
	EndGlobalSection
	GlobalSection(ProjectConfigurationPlatforms) = postSolution
		{1260E189-C5F6-4C76-B057-FEAA89FB29F9}.Debug|Any CPU.ActiveCfg = Debug|Any CPU
		{1260E189-C5F6-4C76-B057-FEAA89FB29F9}.Debug|Any CPU.Build.0 = Debug|Any CPU
		{1260E189-C5F6-4C76-B057-FEAA89FB29F9}.Release|Any CPU.ActiveCfg = Release|Any CPU
		{1260E189-C5F6-4C76-B057-FEAA89FB29F9}.Release|Any CPU.Build.0 = Release|Any CPU
		{6ACEB513-5D7D-443C-915C-446D38BCCA7C}.Debug|Any CPU.ActiveCfg = Debug|Any CPU
		{6ACEB513-5D7D-443C-915C-446D38BCCA7C}.Debug|Any CPU.Build.0 = Debug|Any CPU
		{6ACEB513-5D7D-443C-915C-446D38BCCA7C}.Release|Any CPU.ActiveCfg = Release|Any CPU
		{6ACEB513-5D7D-443C-915C-446D38BCCA7C}.Release|Any CPU.Build.0 = Release|Any CPU
	EndGlobalSection
	GlobalSection(SolutionProperties) = preSolution
		HideSolutionNode = FALSE
	EndGlobalSection
	GlobalSection(ExtensibilityGlobals) = postSolution
		SolutionGuid = {E05F304E-A05D-4364-9C13-02060B0F7DE9}
	EndGlobalSection
EndGlobal
